
Microsoft Visual Studio Solution File, Format Version 12.00
# Visual Studio Version 17
VisualStudioVersion = 17.6.33815.320
MinimumVisualStudioVersion = 10.0.40219.1
Project("{FAE04EC0-301F-11D3-BF4B-00C04F79EFBC}") = "ExpenseTracker", "ExpenseTracker.csproj", "{84EB2784-0436-4A3B-B98F-6E893885475A}"
EndProject
Global
	GlobalSection(SolutionConfigurationPlatforms) = preSolution
		Debug|Any CPU = Debug|Any CPU
		Release|Any CPU = Release|Any CPU
	EndGlobalSection
	GlobalSection(ProjectConfigurationPlatforms) = postSolution
		{84EB2784-0436-4A3B-B98F-6E893885475A}.Debug|Any CPU.ActiveCfg = Debug|Any CPU
		{84EB2784-0436-4A3B-B98F-6E893885475A}.Debug|Any CPU.Build.0 = Debug|Any CPU
		{84EB2784-0436-4A3B-B98F-6E893885475A}.Release|Any CPU.ActiveCfg = Release|Any CPU
		{84EB2784-0436-4A3B-B98F-6E893885475A}.Release|Any CPU.Build.0 = Release|Any CPU
	EndGlobalSection
	GlobalSection(SolutionProperties) = preSolution
		HideSolutionNode = FALSE
	EndGlobalSection
	GlobalSection(ExtensibilityGlobals) = postSolution
		SolutionGuid = {44EDA49C-7167-43F4-8FA4-8053F1127AAD}
	EndGlobalSection
EndGlobal
